
Microsoft Visual Studio Solution File, Format Version 12.00
# Visual Studio Version 17
VisualStudioVersion = 17.0.31815.197
MinimumVisualStudioVersion = 10.0.40219.1
Project("{9A19103F-16F7-4668-BE54-9A1E7A4F7556}") = "Nodsoft.WowsReplaysUnpack", "Nodsoft.WowsReplaysUnpack\Nodsoft.WowsReplaysUnpack.csproj", "{B7A3AA8B-E20E-4DE9-B63A-A1A96741EFCD}"
EndProject
Project("{9A19103F-16F7-4668-BE54-9A1E7A4F7556}") = "Nodsoft.WowsReplaysUnpack.Console", "Nodsoft.WowsReplaysUnpack.Console\Nodsoft.WowsReplaysUnpack.Console.csproj", "{11921E06-712D-48E4-A1BB-8F9CDAFDBBC3}"
EndProject
Project("{2150E333-8FDC-42A3-9474-1A3956D46DE8}") = "Solution Items", "Solution Items", "{179DD26A-613E-460F-BB27-970ED806CE00}"
	ProjectSection(SolutionItems) = preProject
		.editorconfig = .editorconfig
		Directory.build.props = Directory.build.props
	EndProjectSection
EndProject
Project("{9A19103F-16F7-4668-BE54-9A1E7A4F7556}") = "Nodsoft.WowsReplaysUnpack.Tests", "Nodsoft.WowsReplaysUnpack.Tests\Nodsoft.WowsReplaysUnpack.Tests.csproj", "{51B63C18-EE3C-4A9B-812C-EDAF1D22CC57}"
EndProject
Project("{9A19103F-16F7-4668-BE54-9A1E7A4F7556}") = "Nodsoft.WowsReplaysUnpack.Core", "Nodsoft.WowsReplaysUnpack.Core\Nodsoft.WowsReplaysUnpack.Core.csproj", "{18EF6FA2-5AF1-4277-81F4-7104BB35B3BD}"
EndProject
Project("{9A19103F-16F7-4668-BE54-9A1E7A4F7556}") = "Nodsoft.WowsReplaysUnpack.Benchmark", "Nodsoft.WowsReplaysUnpack.Benchmark\Nodsoft.WowsReplaysUnpack.Benchmark.csproj", "{1B61AA91-1578-4E90-94B3-BBE721327AC0}"
EndProject
Project("{2150E333-8FDC-42A3-9474-1A3956D46DE8}") = "Replay-Samples", "Replay-Samples", "{4A21D0B7-4A7F-49B7-A579-AB399D2637D2}"
	ProjectSection(SolutionItems) = preProject
		Replay-Samples\0.10.10.wowsreplay = Replay-Samples\0.10.10.wowsreplay
		Replay-Samples\0.10.11.wowsreplay = Replay-Samples\0.10.11.wowsreplay
		Replay-Samples\0.11.0.wowsreplay = Replay-Samples\0.11.0.wowsreplay
		Replay-Samples\0.11.2.wowsreplay = Replay-Samples\0.11.2.wowsreplay
		Replay-Samples\good.wowsreplay = Replay-Samples\good.wowsreplay
		Replay-Samples\payload.wowsreplay = Replay-Samples\payload.wowsreplay
	EndProjectSection
EndProject
Project("{2150E333-8FDC-42A3-9474-1A3956D46DE8}") = "Library", "Library", "{367BF192-3EC3-4A87-B8E4-3E444E7019D0}"
EndProject
Project("{FAE04EC0-301F-11D3-BF4B-00C04F79EFBC}") = "Nodsoft.WowsReplaysUnpack.ExtendedData", "Nodsoft.WowsReplaysUnpack.ExtendedData\Nodsoft.WowsReplaysUnpack.ExtendedData.csproj", "{A9D51B91-8D9E-4E8E-A1A7-26BD5223EC53}"
EndProject
Global
	GlobalSection(SolutionConfigurationPlatforms) = preSolution
		Debug|Any CPU = Debug|Any CPU
		Release|Any CPU = Release|Any CPU
	EndGlobalSection
	GlobalSection(ProjectConfigurationPlatforms) = postSolution
		{B7A3AA8B-E20E-4DE9-B63A-A1A96741EFCD}.Debug|Any CPU.ActiveCfg = Debug|Any CPU
		{B7A3AA8B-E20E-4DE9-B63A-A1A96741EFCD}.Debug|Any CPU.Build.0 = Debug|Any CPU
		{B7A3AA8B-E20E-4DE9-B63A-A1A96741EFCD}.Release|Any CPU.ActiveCfg = Release|Any CPU
		{B7A3AA8B-E20E-4DE9-B63A-A1A96741EFCD}.Release|Any CPU.Build.0 = Release|Any CPU
		{11921E06-712D-48E4-A1BB-8F9CDAFDBBC3}.Debug|Any CPU.ActiveCfg = Debug|Any CPU
		{11921E06-712D-48E4-A1BB-8F9CDAFDBBC3}.Debug|Any CPU.Build.0 = Debug|Any CPU
		{11921E06-712D-48E4-A1BB-8F9CDAFDBBC3}.Release|Any CPU.ActiveCfg = Release|Any CPU
		{11921E06-712D-48E4-A1BB-8F9CDAFDBBC3}.Release|Any CPU.Build.0 = Release|Any CPU
		{51B63C18-EE3C-4A9B-812C-EDAF1D22CC57}.Debug|Any CPU.ActiveCfg = Debug|Any CPU
		{51B63C18-EE3C-4A9B-812C-EDAF1D22CC57}.Debug|Any CPU.Build.0 = Debug|Any CPU
		{51B63C18-EE3C-4A9B-812C-EDAF1D22CC57}.Release|Any CPU.ActiveCfg = Release|Any CPU
		{51B63C18-EE3C-4A9B-812C-EDAF1D22CC57}.Release|Any CPU.Build.0 = Release|Any CPU
		{18EF6FA2-5AF1-4277-81F4-7104BB35B3BD}.Debug|Any CPU.ActiveCfg = Debug|Any CPU
		{18EF6FA2-5AF1-4277-81F4-7104BB35B3BD}.Debug|Any CPU.Build.0 = Debug|Any CPU
		{18EF6FA2-5AF1-4277-81F4-7104BB35B3BD}.Release|Any CPU.ActiveCfg = Release|Any CPU
		{18EF6FA2-5AF1-4277-81F4-7104BB35B3BD}.Release|Any CPU.Build.0 = Release|Any CPU
		{1B61AA91-1578-4E90-94B3-BBE721327AC0}.Debug|Any CPU.ActiveCfg = Debug|Any CPU
		{1B61AA91-1578-4E90-94B3-BBE721327AC0}.Debug|Any CPU.Build.0 = Debug|Any CPU
		{1B61AA91-1578-4E90-94B3-BBE721327AC0}.Release|Any CPU.ActiveCfg = Release|Any CPU
		{1B61AA91-1578-4E90-94B3-BBE721327AC0}.Release|Any CPU.Build.0 = Release|Any CPU
		{A9D51B91-8D9E-4E8E-A1A7-26BD5223EC53}.Debug|Any CPU.ActiveCfg = Debug|Any CPU
		{A9D51B91-8D9E-4E8E-A1A7-26BD5223EC53}.Debug|Any CPU.Build.0 = Debug|Any CPU
		{A9D51B91-8D9E-4E8E-A1A7-26BD5223EC53}.Release|Any CPU.ActiveCfg = Release|Any CPU
		{A9D51B91-8D9E-4E8E-A1A7-26BD5223EC53}.Release|Any CPU.Build.0 = Release|Any CPU
	EndGlobalSection
	GlobalSection(SolutionProperties) = preSolution
		HideSolutionNode = FALSE
	EndGlobalSection
	GlobalSection(NestedProjects) = preSolution
		{B7A3AA8B-E20E-4DE9-B63A-A1A96741EFCD} = {367BF192-3EC3-4A87-B8E4-3E444E7019D0}
		{18EF6FA2-5AF1-4277-81F4-7104BB35B3BD} = {367BF192-3EC3-4A87-B8E4-3E444E7019D0}
		{A9D51B91-8D9E-4E8E-A1A7-26BD5223EC53} = {367BF192-3EC3-4A87-B8E4-3E444E7019D0}
	EndGlobalSection
	GlobalSection(ExtensibilityGlobals) = postSolution
		SolutionGuid = {26B5CF6B-2C64-417B-8149-3DFD8E93D497}
	EndGlobalSection
EndGlobal
